github.com/uhppoted/uhppote-core v0.8.11 h1:VYKJYvMB9EOQ9Rs6ODc+KMc332heqD+N92XpZPzHtCk=
github.com/uhppoted/uhppote-core v0.8.11/go.mod h1:s6QikGwy+nS7nZjgba/k8ugszVreqgqGg7oxDgnLLGg=
golang.org/x/sys v0.38.0 h1:3yZWxaJjBmCWXqhN1qh02AkOnCQ1poK6oF+a7xWL6Gc=
golang.org/x/sys v0.38.0/go.mod h1:OgkHotnGiDImocRcuBABYBEXf8A9a87e/uXjp9XT3ks=
